// !$*UTF8*$!
{
	archiveVersion = 1;
	classes = {
	};
	objectVersion = 50;
	objects = {

/* Begin PBXBuildFile section */
		18D6992A22E0D85300BF910B /* AppDelegate.swift in Sources */ = {isa = PBXBuildFile; fileRef = 18D6992922E0D85300BF910B /* AppDelegate.swift */; };
		18D6992C22E0D85300BF910B /* ViewController.swift in Sources */ = {isa = PBXBuildFile; fileRef = 18D6992B22E0D85300BF910B /* ViewController.swift */; };
		18D6992F22E0D85300BF910B /* Main.storyboard in Resources */ = {isa = PBXBuildFile; fileRef = 18D6992D22E0D85300BF910B /* Main.storyboard */; };
		18D6993222E0D85300BF910B /* timer.xcdatamodeld in Sources */ = {isa = PBXBuildFile; fileRef = 18D6993022E0D85300BF910B /* timer.xcdatamodeld */; };
		18D6993422E0D85600BF910B /* Assets.xcassets in Resources */ = {isa = PBXBuildFile; fileRef = 18D6993322E0D85600BF910B /* Assets.xcassets */; };
		18D6993722E0D85600BF910B /* LaunchScreen.storyboard in Resources */ = {isa = PBXBuildFile; fileRef = 18D6993522E0D85600BF910B /* LaunchScreen.storyboard */; };
		18D6994222E0D85600BF910B /* timerTests.swift in Sources */ = {isa = PBXBuildFile; fileRef = 18D6994122E0D85600BF910B /* timerTests.swift */; };
		18D6994D22E0D85600BF910B /* timerUITests.swift in Sources */ = {isa = PBXBuildFile; fileRef = 18D6994C22E0D85600BF910B /* timerUITests.swift */; };
/* End PBXBuildFile section */

/* Begin PBXContainerItemProxy section */
		18D6993E22E0D85600BF910B /* PBXContainerItemProxy */ = {
			isa = PBXContainerItemProxy;
			containerPortal = 18D6991E22E0D85300BF910B /* Project object */;
			proxyType = 1;
			remoteGlobalIDString = 18D6992522E0D85300BF910B;
			remoteInfo = timer;
		};
		18D6994922E0D85600BF910B /* PBXContainerItemProxy */ = {
			isa = PBXContainerItemProxy;
			containerPortal = 18D6991E22E0D85300BF910B /* Project object */;
			proxyType = 1;
			remoteGlobalIDString = 18D6992522E0D85300BF910B;
			remoteInfo = timer;
		};
/* End PBXContainerItemProxy section */

/* Begin PBXFileReference section */
		18D6992622E0D85300BF910B /* timer.app */ = {isa = PBXFileReference; explicitFileType = wrapper.application; includeInIndex = 0; path = timer.app; sourceTree = BUILT_PRODUCTS_DIR; };
		18D6992922E0D85300BF910B /* AppDelegate.swift */ = {isa = PBXFileReference; lastKnownFileType = sourcecode.swift; path = AppDelegate.swift; sourceTree = "<group>"; };
		18D6992B22E0D85300BF910B /* ViewController.swift */ = {isa = PBXFileReference; lastKnownFileType = sourcecode.swift; path = ViewController.swift; sourceTree = "<group>"; };
		18D6992E22E0D85300BF910B /* Base */ = {isa = PBXFileReference; lastKnownFileType = file.storyboard; name = Base; path = Base.lproj/Main.storyboard; sourceTree = "<group>"; };
		18D6993122E0D85300BF910B /* timer.xcdatamodel */ = {isa = PBXFileReference; lastKnownFileType = wrapper.xcdatamodel; path = timer.xcdatamodel; sourceTree = "<group>"; };
		18D6993322E0D85600BF910B /* Assets.xcassets */ = {isa = PBXFileReference; lastKnownFileType = folder.assetcatalog; path = Assets.xcassets; sourceTree = "<group>"; };
		18D6993622E0D85600BF910B /* Base */ = {isa = PBXFileReference; lastKnownFileType = file.storyboard; name = Base; path = Base.lproj/LaunchScreen.storyboard; sourceTree = "<group>"; };
		18D6993822E0D85600BF910B /* Info.plist */ = {isa = PBXFileReference; lastKnownFileType = text.plist.xml; path = Info.plist; sourceTree = "<group>"; };
		18D6993D22E0D85600BF910B /* timerTests.xctest */ = {isa = PBXFileReference; explicitFileType = wrapper.cfbundle; includeInIndex = 0; path = timerTests.xctest; sourceTree = BUILT_PRODUCTS_DIR; };
		18D6994122E0D85600BF910B /* timerTests.swift */ = {isa = PBXFileReference; lastKnownFileType = sourcecode.swift; path = timerTests.swift; sourceTree = "<group>"; };
		18D6994322E0D85600BF910B /* Info.plist */ = {isa = PBXFileReference; lastKnownFileType = text.plist.xml; path = Info.plist; sourceTree = "<group>"; };
		18D6994822E0D85600BF910B /* timerUITests.xctest */ = {isa = PBXFileReference; explicitFileType = wrapper.cfbundle; includeInIndex = 0; path = timerUITests.xctest; sourceTree = BUILT_PRODUCTS_DIR; };
		18D6994C22E0D85600BF910B /* timerUITests.swift */ = {isa = PBXFileReference; lastKnownFileType = sourcecode.swift; path = timerUITests.swift; sourceTree = "<group>"; };
		18D6994E22E0D85600BF910B /* Info.plist */ = {isa = PBXFileReference; lastKnownFileType = text.plist.xml; path = Info.plist; sourceTree = "<group>"; };
/* End PBXFileReference section */

/* Begin PBXFrameworksBuildPhase section */
		18D6992322E0D85300BF910B /* Frameworks */ = {
			isa = PBXFrameworksBuildPhase;
			buildActionMask = 2147483647;
			files = (
			);
			runOnlyForDeploymentPostprocessing = 0;
		};
		18D6993A22E0D85600BF910B /* Frameworks */ = {
			isa = PBXFrameworksBuildPhase;
			buildActionMask = 2147483647;
			files = (
			);
			runOnlyForDeploymentPostprocessing = 0;
		};
		18D6994522E0D85600BF910B /* Frameworks */ = {
			isa = PBXFrameworksBuildPhase;
			buildActionMask = 2147483647;
			files = (
			);
			runOnlyForDeploymentPostprocessing = 0;
		};
/* End PBXFrameworksBuildPhase section */

/* Begin PBXGroup section */
		18D6991D22E0D85300BF910B = {
			isa = PBXGroup;
			children = (
				18D6992822E0D85300BF910B /* timer */,
				18D6994022E0D85600BF910B /* timerTests */,
				18D6994B22E0D85600BF910B /* timerUITests */,
				18D6992722E0D85300BF910B /* Products */,
			);
			sourceTree = "<group>";
		};
		18D6992722E0D85300BF910B /* Products */ = {
			isa = PBXGroup;
			children = (
				18D6992622E0D85300BF910B /* timer.app */,
				18D6993D22E0D85600BF910B /* timerTests.xctest */,
				18D6994822E0D85600BF910B /* timerUITests.xctest */,
			);
			name = Products;
			sourceTree = "<group>";
		};
		18D6992822E0D85300BF910B /* timer */ = {
			isa = PBXGroup;
			children = (
				18D6992922E0D85300BF910B /* AppDelegate.swift */,
				18D6992B22E0D85300BF910B /* ViewController.swift */,
				18D6992D22E0D85300BF910B /* Main.storyboard */,
				18D6993322E0D85600BF910B /* Assets.xcassets */,
				18D6993522E0D85600BF910B /* LaunchScreen.storyboard */,
				18D6993822E0D85600BF910B /* Info.plist */,
				18D6993022E0D85300BF910B /* timer.xcdatamodeld */,
			);
			path = timer;
			sourceTree = "<group>";
		};
		18D6994022E0D85600BF910B /* timerTests */ = {
			isa = PBXGroup;
			children = (
				18D6994122E0D85600BF910B /* timerTests.swift */,
				18D6994322E0D85600BF910B /* Info.plist */,
			);
			path = timerTests;
			sourceTree = "<group>";
		};
		18D6994B22E0D85600BF910B /* timerUITests */ = {
			isa = PBXGroup;
			children = (
				18D6994C22E0D85600BF910B /* timerUITests.swift */,
				18D6994E22E0D85600BF910B /* Info.plist */,
			);
			path = timerUITests;
			sourceTree = "<group>";
		};
/* End PBXGroup section */

/* Begin PBXNativeTarget section */
		18D6992522E0D85300BF910B /* timer */ = {
			isa = PBXNativeTarget;
			buildConfigurationList = 18D6995122E0D85600BF910B /* Build configuration list for PBXNativeTarget "timer" */;
			buildPhases = (
				18D6992222E0D85300BF910B /* Sources */,
				18D6992322E0D85300BF910B /* Frameworks */,
				18D6992422E0D85300BF910B /* Resources */,
			);
			buildRules = (
			);
			dependencies = (
			);
			name = timer;
			productName = timer;
			productReference = 18D6992622E0D85300BF910B /* timer.app */;
			productType = "com.apple.product-type.application";
		};
		18D6993C22E0D85600BF910B /* timerTests */ = {
			isa = PBXNativeTarget;
			buildConfigurationList = 18D6995422E0D85600BF910B /* Build configuration list for PBXNativeTarget "timerTests" */;
			buildPhases = (
				18D6993922E0D85600BF910B /* Sources */,
				18D6993A22E0D85600BF910B /* Frameworks */,
				18D6993B22E0D85600BF910B /* Resources */,
			);
			buildRules = (
			);
			dependencies = (
				18D6993F22E0D85600BF910B /* PBXTargetDependency */,
			);
			name = timerTests;
			productName = timerTests;
			productReference = 18D6993D22E0D85600BF910B /* timerTests.xctest */;
			productType = "com.apple.product-type.bundle.unit-test";
		};
		18D6994722E0D85600BF910B /* timerUITests */ = {
			isa = PBXNativeTarget;
			buildConfigurationList = 18D6995722E0D85600BF910B /* Build configuration list for PBXNativeTarget "timerUITests" */;
			buildPhases = (
				18D6994422E0D85600BF910B /* Sources */,
				18D6994522E0D85600BF910B /* Frameworks */,
				18D6994622E0D85600BF910B /* Resources */,
			);
			buildRules = (
			);
			dependencies = (
				18D6994A22E0D85600BF910B /* PBXTargetDependency */,
			);
			name = timerUITests;
			productName = timerUITests;
			productReference = 18D6994822E0D85600BF910B /* timerUITests.xctest */;
			productType = "com.apple.product-type.bundle.ui-testing";
		};
/* End PBXNativeTarget section */

/* Begin PBXProject section */
		18D6991E22E0D85300BF910B /* Project object */ = {
			isa = PBXProject;
			attributes = {
				LastSwiftUpdateCheck = 1020;
				LastUpgradeCheck = 1020;
				ORGANIZATIONNAME = Apple;
				TargetAttributes = {
					18D6992522E0D85300BF910B = {
						CreatedOnToolsVersion = 10.2.1;
					};
					18D6993C22E0D85600BF910B = {
						CreatedOnToolsVersion = 10.2.1;
						TestTargetID = 18D6992522E0D85300BF910B;
					};
					18D6994722E0D85600BF910B = {
						CreatedOnToolsVersion = 10.2.1;
						TestTargetID = 18D6992522E0D85300BF910B;
					};
				};
			};
			buildConfigurationList = 18D6992122E0D85300BF910B /* Build configuration list for PBXProject "timer" */;
			compatibilityVersion = "Xcode 9.3";
			developmentRegion = en;
			hasScannedForEncodings = 0;
			knownRegions = (
				en,
				Base,
			);
			mainGroup = 18D6991D22E0D85300BF910B;
			productRefGroup = 18D6992722E0D85300BF910B /* Products */;
			projectDirPath = "";
			projectRoot = "";
			targets = (
				18D6992522E0D85300BF910B /* timer */,
				18D6993C22E0D85600BF910B /* timerTests */,
				18D6994722E0D85600BF910B /* timerUITests */,
			);
		};
/* End PBXProject section */

/* Begin PBXResourcesBuildPhase section */
		18D6992422E0D85300BF910B /* Resources */ = {
			isa = PBXResourcesBuildPhase;
			buildActionMask = 2147483647;
			files = (
				18D6993722E0D85600BF910B /* LaunchScreen.storyboard in Resources */,
				18D6993422E0D85600BF910B /* Assets.xcassets in Resources */,
				18D6992F22E0D85300BF910B /* Main.storyboard in Resources */,
			);
			runOnlyForDeploymentPostprocessing = 0;
		};
		18D6993B22E0D85600BF910B /* Resources */ = {
			isa = PBXResourcesBuildPhase;
			buildActionMask = 2147483647;
			files = (
			);
			runOnlyForDeploymentPostprocessing = 0;
		};
		18D6994622E0D85600BF910B /* Resources */ = {
			isa = PBXResourcesBuildPhase;
			buildActionMask = 2147483647;
			files = (
			);
			runOnlyForDeploymentPostprocessing = 0;
		};
/* End PBXResourcesBuildPhase section */

/* Begin PBXSourcesBuildPhase section */
		18D6992222E0D85300BF910B /* Sources */ = {
			isa = PBXSourcesBuildPhase;
			buildActionMask = 2147483647;
			files = (
				18D6992C22E0D85300BF910B /* ViewController.swift in Sources */,
				18D6993222E0D85300BF910B /* timer.xcdatamodeld in Sources */,
				18D6992A22E0D85300BF910B /* AppDelegate.swift in Sources */,
			);
			runOnlyForDeploymentPostprocessing = 0;
		};
		18D6993922E0D85600BF910B /* Sources */ = {
			isa = PBXSourcesBuildPhase;
			buildActionMask = 2147483647;
			files = (
				18D6994222E0D85600BF910B /* timerTests.swift in Sources */,
			);
			runOnlyForDeploymentPostprocessing = 0;
		};
		18D6994422E0D85600BF910B /* Sources */ = {
			isa = PBXSourcesBuildPhase;
			buildActionMask = 2147483647;
			files = (
				18D6994D22E0D85600BF910B /* timerUITests.swift in Sources */,
			);
			runOnlyForDeploymentPostprocessing = 0;
		};
/* End PBXSourcesBuildPhase section */

/* Begin PBXTargetDependency section */
		18D6993F22E0D85600BF910B /* PBXTargetDependency */ = {
			isa = PBXTargetDependency;
			target = 18D6992522E0D85300BF910B /* timer */;
			targetProxy = 18D6993E22E0D85600BF910B /* PBXContainerItemProxy */;
		};
		18D6994A22E0D85600BF910B /* PBXTargetDependency */ = {
			isa = PBXTargetDependency;
			target = 18D6992522E0D85300BF910B /* timer */;
			targetProxy = 18D6994922E0D85600BF910B /* PBXContainerItemProxy */;
		};
/* End PBXTargetDependency section */

/* Begin PBXVariantGroup section */
		18D6992D22E0D85300BF910B /* Main.storyboard */ = {
			isa = PBXVariantGroup;
			children = (
				18D6992E22E0D85300BF910B /* Base */,
			);
			name = Main.storyboard;
			sourceTree = "<group>";
		};
		18D6993522E0D85600BF910B /* LaunchScreen.storyboard */ = {
			isa = PBXVariantGroup;
			children = (
				18D6993622E0D85600BF910B /* Base */,
			);
			name = LaunchScreen.storyboard;
			sourceTree = "<group>";
		};
/* End PBXVariantGroup section */

/* Begin XCBuildConfiguration section */
		18D6994F22E0D85600BF910B /* Debug */ = {
			isa = XCBuildConfiguration;
			buildSettings = {
				ALWAYS_SEARCH_USER_PATHS = NO;
				CLANG_ANALYZER_NONNULL = YES;
				CLANG_ANALYZER_NUMBER_OBJECT_CONVERSION = YES_AGGRESSIVE;
				CLANG_CXX_LANGUAGE_STANDARD = "gnu++14";
				CLANG_CXX_LIBRARY = "libc++";
				CLANG_ENABLE_MODULES = YES;
				CLANG_ENABLE_OBJC_ARC = YES;
				CLANG_ENABLE_OBJC_WEAK = YES;
				CLANG_WARN_BLOCK_CAPTURE_AUTORELEASING = YES;
				CLANG_WARN_BOOL_CONVERSION = YES;
				CLANG_WARN_COMMA = YES;
				CLANG_WARN_CONSTANT_CONVERSION = YES;
				CLANG_WARN_DEPRECATED_OBJC_IMPLEMENTATIONS = YES;
				CLANG_WARN_DIRECT_OBJC_ISA_USAGE = YES_ERROR;
				CLANG_WARN_DOCUMENTATION_COMMENTS = YES;
				CLANG_WARN_EMPTY_BODY = YES;
				CLANG_WARN_ENUM_CONVERSION = YES;
				CLANG_WARN_INFINITE_RECURSION = YES;
				CLANG_WARN_INT_CONVERSION = YES;
				CLANG_WARN_NON_LITERAL_NULL_CONVERSION = YES;
				CLANG_WARN_OBJC_IMPLICIT_RETAIN_SELF = YES;
				CLANG_WARN_OBJC_LITERAL_CONVERSION = YES;
				CLANG_WARN_OBJC_ROOT_CLASS = YES_ERROR;
				CLANG_WARN_RANGE_LOOP_ANALYSIS = YES;
				CLANG_WARN_STRICT_PROTOTYPES = YES;
				CLANG_WARN_SUSPICIOUS_MOVE = YES;
				CLANG_WARN_UNGUARDED_AVAILABILITY = YES_AGGRESSIVE;
				CLANG_WARN_UNREACHABLE_CODE = YES;
				CLANG_WARN__DUPLICATE_METHOD_MATCH = YES;
				CODE_SIGN_IDENTITY = "iPhone Developer";
				COPY_PHASE_STRIP = NO;
				DEBUG_INFORMATION_FORMAT = dwarf;
				ENABLE_STRICT_OBJC_MSGSEND = YES;
				ENABLE_TESTABILITY = YES;
				GCC_C_LANGUAGE_STANDARD = gnu11;
				GCC_DYNAMIC_NO_PIC = NO;
				GCC_NO_COMMON_BLOCKS = YES;
				GCC_OPTIMIZATION_LEVEL = 0;
				GCC_PREPROCESSOR_DEFINITIONS = (
					"DEBUG=1",
					"$(inherited)",
				);
				GCC_WARN_64_TO_32_BIT_CONVERSION = YES;
				GCC_WARN_ABOUT_RETURN_TYPE = YES_ERROR;
				GCC_WARN_UNDECLARED_SELECTOR = YES;
				GCC_WARN_UNINITIALIZED_AUTOS = YES_AGGRESSIVE;
				GCC_WARN_UNUSED_FUNCTION = YES;
				GCC_WARN_UNUSED_VARIABLE = YES;
				IPHONEOS_DEPLOYMENT_TARGET = 12.2;
				MTL_ENABLE_DEBUG_INFO = INCLUDE_SOURCE;
				MTL_FAST_MATH = YES;
				ONLY_ACTIVE_ARCH = YES;
				SDKROOT = iphoneos;
				SWIFT_ACTIVE_COMPILATION_CONDITIONS = DEBUG;
				SWIFT_OPTIMIZATION_LEVEL = "-Onone";
			};
			name = Debug;
		};
		18D6995022E0D85600BF910B /* Release */ = {
			isa = XCBuildConfiguration;
			buildSettings = {
				ALWAYS_SEARCH_USER_PATHS = NO;
				CLANG_ANALYZER_NONNULL = YES;
				CLANG_ANALYZER_NUMBER_OBJECT_CONVERSION = YES_AGGRESSIVE;
				CLANG_CXX_LANGUAGE_STANDARD = "gnu++14";
				CLANG_CXX_LIBRARY = "libc++";
				CLANG_ENABLE_MODULES = YES;
				CLANG_ENABLE_OBJC_ARC = YES;
				CLANG_ENABLE_OBJC_WEAK = YES;
				CLANG_WARN_BLOCK_CAPTURE_AUTORELEASING = YES;
				CLANG_WARN_BOOL_CONVERSION = YES;
				CLANG_WARN_COMMA = YES;
				CLANG_WARN_CONSTANT_CONVERSION = YES;
				CLANG_WARN_DEPRECATED_OBJC_IMPLEMENTATIONS = YES;
				CLANG_WARN_DIRECT_OBJC_ISA_USAGE = YES_ERROR;
				CLANG_WARN_DOCUMENTATION_COMMENTS = YES;
				CLANG_WARN_EMPTY_BODY = YES;
				CLANG_WARN_ENUM_CONVERSION = YES;
				CLANG_WARN_INFINITE_RECURSION = YES;
				CLANG_WARN_INT_CONVERSION = YES;
				CLANG_WARN_NON_LITERAL_NULL_CONVERSION = YES;
				CLANG_WARN_OBJC_IMPLICIT_RETAIN_SELF = YES;
				CLANG_WARN_OBJC_LITERAL_CONVERSION = YES;
				CLANG_WARN_OBJC_ROOT_CLASS = YES_ERROR;
				CLANG_WARN_RANGE_LOOP_ANALYSIS = YES;
				CLANG_WARN_STRICT_PROTOTYPES = YES;
				CLANG_WARN_SUSPICIOUS_MOVE = YES;
				CLANG_WARN_UNGUARDED_AVAILABILITY = YES_AGGRESSIVE;
				CLANG_WARN_UNREACHABLE_CODE = YES;
				CLANG_WARN__DUPLICATE_METHOD_MATCH = YES;
				CODE_SIGN_IDENTITY = "iPhone Developer";
				COPY_PHASE_STRIP = NO;
				DEBUG_INFORMATION_FORMAT = "dwarf-with-dsym";
				ENABLE_NS_ASSERTIONS = NO;
				ENABLE_STRICT_OBJC_MSGSEND = YES;
				GCC_C_LANGUAGE_STANDARD = gnu11;
				GCC_NO_COMMON_BLOCKS = YES;
				GCC_WARN_64_TO_32_BIT_CONVERSION = YES;
				GCC_WARN_ABOUT_RETURN_TYPE = YES_ERROR;
				GCC_WARN_UNDECLARED_SELECTOR = YES;
				GCC_WARN_UNINITIALIZED_AUTOS = YES_AGGRESSIVE;
				GCC_WARN_UNUSED_FUNCTION = YES;
				GCC_WARN_UNUSED_VARIABLE = YES;
				IPHONEOS_DEPLOYMENT_TARGET = 12.2;
				MTL_ENABLE_DEBUG_INFO = NO;
				MTL_FAST_MATH = YES;
				SDKROOT = iphoneos;
				SWIFT_COMPILATION_MODE = wholemodule;
				SWIFT_OPTIMIZATION_LEVEL = "-O";
				VALIDATE_PRODUCT = YES;
			};
			name = Release;
		};
		18D6995222E0D85600BF910B /* Debug */ = {
			isa = XCBuildConfiguration;
			buildSettings = {
				ASSETCATALOG_COMPILER_APPICON_NAME = AppIcon;
				CODE_SIGN_STYLE = Automatic;
				DEVELOPMENT_TEAM = 87UM362BR3;
				INFOPLIST_FILE = timer/Info.plist;
				LD_RUNPATH_SEARCH_PATHS = (
					"$(inherited)",
					"@executable_path/Frameworks",
				);
				PRODUCT_BUNDLE_IDENTIFIER = kwk.timer;
				PRODUCT_NAME = "$(TARGET_NAME)";
				SWIFT_VERSION = 5.0;
				TARGETED_DEVICE_FAMILY = "1,2";
			};
			name = Debug;
		};
		18D6995322E0D85600BF910B /* Release */ = {
			isa = XCBuildConfiguration;
			buildSettings = {
				ASSETCATALOG_COMPILER_APPICON_NAME = AppIcon;
				CODE_SIGN_STYLE = Automatic;
				DEVELOPMENT_TEAM = 87UM362BR3;
				INFOPLIST_FILE = timer/Info.plist;
				LD_RUNPATH_SEARCH_PATHS = (
					"$(inherited)",
					"@executable_path/Frameworks",
				);
				PRODUCT_BUNDLE_IDENTIFIER = kwk.timer;
				PRODUCT_NAME = "$(TARGET_NAME)";
				SWIFT_VERSION = 5.0;
				TARGETED_DEVICE_FAMILY = "1,2";
			};
			name = Release;
		};
		18D6995522E0D85600BF910B /* Debug */ = {
			isa = XCBuildConfiguration;
			buildSettings = {
				ALWAYS_EMBED_SWIFT_STANDARD_LIBRARIES = YES;
				BUNDLE_LOADER = "$(TEST_HOST)";
				CODE_SIGN_STYLE = Automatic;
				DEVELOPMENT_TEAM = 87UM362BR3;
				INFOPLIST_FILE = timerTests/Info.plist;
				LD_RUNPATH_SEARCH_PATHS = (
					"$(inherited)",
					"@executable_path/Frameworks",
					"@loader_path/Frameworks",
				);
				PRODUCT_BUNDLE_IDENTIFIER = kwk.timerTests;
				PRODUCT_NAME = "$(TARGET_NAME)";
				SWIFT_VERSION = 5.0;
				TARGETED_DEVICE_FAMILY = "1,2";
				TEST_HOST = "$(BUILT_PRODUCTS_DIR)/timer.app/timer";
			};
			name = Debug;
		};
		18D6995622E0D85600BF910B /* Release */ = {
			isa = XCBuildConfiguration;
			buildSettings = {
				ALWAYS_EMBED_SWIFT_STANDARD_LIBRARIES = YES;
				BUNDLE_LOADER = "$(TEST_HOST)";
				CODE_SIGN_STYLE = Automatic;
				DEVELOPMENT_TEAM = 87UM362BR3;
				INFOPLIST_FILE = timerTests/Info.plist;
				LD_RUNPATH_SEARCH_PATHS = (
					"$(inherited)",
					"@executable_path/Frameworks",
					"@loader_path/Frameworks",
				);
				PRODUCT_BUNDLE_IDENTIFIER = kwk.timerTests;
				PRODUCT_NAME = "$(TARGET_NAME)";
				SWIFT_VERSION = 5.0;
				TARGETED_DEVICE_FAMILY = "1,2";
				TEST_HOST = "$(BUILT_PRODUCTS_DIR)/timer.app/timer";
			};
			name = Release;
		};
		18D6995822E0D85600BF910B /* Debug */ = {
			isa = XCBuildConfiguration;
			buildSettings = {
				ALWAYS_EMBED_SWIFT_STANDARD_LIBRARIES = YES;
				CODE_SIGN_STYLE = Automatic;
				DEVELOPMENT_TEAM = 87UM362BR3;
				INFOPLIST_FILE = timerUITests/Info.plist;
				LD_RUNPATH_SEARCH_PATHS = (
					"$(inherited)",
					"@executable_path/Frameworks",
					"@loader_path/Frameworks",
				);
				PRODUCT_BUNDLE_IDENTIFIER = kwk.timerUITests;
				PRODUCT_NAME = "$(TARGET_NAME)";
				SWIFT_VERSION = 5.0;
				TARGETED_DEVICE_FAMILY = "1,2";
				TEST_TARGET_NAME = timer;
			};
			name = Debug;
		};
		18D6995922E0D85600BF910B /* Release */ = {
			isa = XCBuildConfiguration;
			buildSettings = {
				ALWAYS_EMBED_SWIFT_STANDARD_LIBRARIES = YES;
				CODE_SIGN_STYLE = Automatic;
				DEVELOPMENT_TEAM = 87UM362BR3;
				INFOPLIST_FILE = timerUITests/Info.plist;
				LD_RUNPATH_SEARCH_PATHS = (
					"$(inherited)",
					"@executable_path/Frameworks",
					"@loader_path/Frameworks",
				);
				PRODUCT_BUNDLE_IDENTIFIER = kwk.timerUITests;
				PRODUCT_NAME = "$(TARGET_NAME)";
				SWIFT_VERSION = 5.0;
				TARGETED_DEVICE_FAMILY = "1,2";
				TEST_TARGET_NAME = timer;
			};
			name = Release;
		};
/* End XCBuildConfiguration section */

/* Begin XCConfigurationList section */
		18D6992122E0D85300BF910B /* Build configuration list for PBXProject "timer" */ = {
			isa = XCConfigurationList;
			buildConfigurations = (
				18D6994F22E0D85600BF910B /* Debug */,
				18D6995022E0D85600BF910B /* Release */,
			);
			defaultConfigurationIsVisible = 0;
			defaultConfigurationName = Release;
		};
		18D6995122E0D85600BF910B /* Build configuration list for PBXNativeTarget "timer" */ = {
			isa = XCConfigurationList;
			buildConfigurations = (
				18D6995222E0D85600BF910B /* Debug */,
				18D6995322E0D85600BF910B /* Release */,
			);
			defaultConfigurationIsVisible = 0;
			defaultConfigurationName = Release;
		};
		18D6995422E0D85600BF910B /* Build configuration list for PBXNativeTarget "timerTests" */ = {
			isa = XCConfigurationList;
			buildConfigurations = (
				18D6995522E0D85600BF910B /* Debug */,
				18D6995622E0D85600BF910B /* Release */,
			);
			defaultConfigurationIsVisible = 0;
			defaultConfigurationName = Release;
		};
		18D6995722E0D85600BF910B /* Build configuration list for PBXNativeTarget "timerUITests" */ = {
			isa = XCConfigurationList;
			buildConfigurations = (
				18D6995822E0D85600BF910B /* Debug */,
				18D6995922E0D85600BF910B /* Release */,
			);
			defaultConfigurationIsVisible = 0;
			defaultConfigurationName = Release;
		};
/* End XCConfigurationList section */

/* Begin XCVersionGroup section */
		18D6993022E0D85300BF910B /* timer.xcdatamodeld */ = {
			isa = XCVersionGroup;
			children = (
				18D6993122E0D85300BF910B /* timer.xcdatamodel */,
			);
			currentVersion = 18D6993122E0D85300BF910B /* timer.xcdatamodel */;
			path = timer.xcdatamodeld;
			sourceTree = "<group>";
			versionGroupType = wrapper.xcdatamodel;
		};
/* End XCVersionGroup section */
	};
	rootObject = 18D6991E22E0D85300BF910B /* Project object */;
}
